
Microsoft Visual Studio Solution File, Format Version 12.00
# Visual Studio Version 17
VisualStudioVersion = 17.14.36414.22
MinimumVisualStudioVersion = 10.0.40219.1
Project("{FAE04EC0-301F-11D3-BF4B-00C04F79EFBC}") = "QLCHVTNN.BUS", "QLCHVTNN.BUS\QLCHVTNN.BUS.csproj", "{9708CE28-8EF2-410D-B601-1E31CD7F8234}"
EndProject
Project("{FAE04EC0-301F-11D3-BF4B-00C04F79EFBC}") = "QLCHVTNN.DAL", "QLCHVTNN.DAL\QLCHVTNN.DAL.csproj", "{6880A5A9-AF10-494C-AA97-2E71CB445579}"
EndProject
Project("{FAE04EC0-301F-11D3-BF4B-00C04F79EFBC}") = "QLCHVTNN.GUI", "QLCHVTNN.GUI\QLCHVTNN.GUI.csproj", "{79CE8BE0-0307-42EB-88FD-04F694EB7982}"
EndProject
Global
	GlobalSection(SolutionConfigurationPlatforms) = preSolution
		Debug|Any CPU = Debug|Any CPU
		Release|Any CPU = Release|Any CPU
	EndGlobalSection
	GlobalSection(ProjectConfigurationPlatforms) = postSolution
		{9708CE28-8EF2-410D-B601-1E31CD7F8234}.Debug|Any CPU.ActiveCfg = Debug|Any CPU
		{9708CE28-8EF2-410D-B601-1E31CD7F8234}.Debug|Any CPU.Build.0 = Debug|Any CPU
		{9708CE28-8EF2-410D-B601-1E31CD7F8234}.Release|Any CPU.ActiveCfg = Release|Any CPU
		{9708CE28-8EF2-410D-B601-1E31CD7F8234}.Release|Any CPU.Build.0 = Release|Any CPU
		{6880A5A9-AF10-494C-AA97-2E71CB445579}.Debug|Any CPU.ActiveCfg = Debug|Any CPU
		{6880A5A9-AF10-494C-AA97-2E71CB445579}.Debug|Any CPU.Build.0 = Debug|Any CPU
		{6880A5A9-AF10-494C-AA97-2E71CB445579}.Release|Any CPU.ActiveCfg = Release|Any CPU
		{6880A5A9-AF10-494C-AA97-2E71CB445579}.Release|Any CPU.Build.0 = Release|Any CPU
		{79CE8BE0-0307-42EB-88FD-04F694EB7982}.Debug|Any CPU.ActiveCfg = Debug|Any CPU
		{79CE8BE0-0307-42EB-88FD-04F694EB7982}.Debug|Any CPU.Build.0 = Debug|Any CPU
		{79CE8BE0-0307-42EB-88FD-04F694EB7982}.Release|Any CPU.ActiveCfg = Release|Any CPU
		{79CE8BE0-0307-42EB-88FD-04F694EB7982}.Release|Any CPU.Build.0 = Release|Any CPU
	EndGlobalSection
	GlobalSection(SolutionProperties) = preSolution
		HideSolutionNode = FALSE
	EndGlobalSection
	GlobalSection(ExtensibilityGlobals) = postSolution
		SolutionGuid = {2520A163-134B-42B9-8545-9B7D4C6983C4}
	EndGlobalSection
EndGlobal
